
Microsoft Visual Studio Solution File, Format Version 12.00
# Visual Studio Version 16
VisualStudioVersion = 16.0.31613.86
MinimumVisualStudioVersion = 10.0.40219.1
Project("{9A19103F-16F7-4668-BE54-9A1E7A4F7556}") = "InstagramApiSharp", "InstagramApiSharp.csproj", "{C1169F16-8E65-4FFC-AE93-9B7E87C8E84D}"
EndProject
Global
	GlobalSection(SolutionConfigurationPlatforms) = preSolution
		Debug|Any CPU = Debug|Any CPU
		Release|Any CPU = Release|Any CPU
	EndGlobalSection
	GlobalSection(ProjectConfigurationPlatforms) = postSolution
		{C1169F16-8E65-4FFC-AE93-9B7E87C8E84D}.Debug|Any CPU.ActiveCfg = Debug|Any CPU
		{C1169F16-8E65-4FFC-AE93-9B7E87C8E84D}.Debug|Any CPU.Build.0 = Debug|Any CPU
		{C1169F16-8E65-4FFC-AE93-9B7E87C8E84D}.Release|Any CPU.ActiveCfg = Release|Any CPU
		{C1169F16-8E65-4FFC-AE93-9B7E87C8E84D}.Release|Any CPU.Build.0 = Release|Any CPU
	EndGlobalSection
	GlobalSection(SolutionProperties) = preSolution
		HideSolutionNode = FALSE
	EndGlobalSection
	GlobalSection(ExtensibilityGlobals) = postSolution
		SolutionGuid = {2E6DECA8-078E-474C-93E1-06C0011EA861}
	EndGlobalSection
EndGlobal
