
Microsoft Visual Studio Solution File, Format Version 12.00
# Visual Studio Version 16
VisualStudioVersion = 16.0.28729.10
MinimumVisualStudioVersion = 10.0.40219.1
Project("{2150E333-8FDC-42A3-9474-1A3956D46DE8}") = "src", "src", "{25DEBDED-4F9C-47F5-BC3F-4D5ED7D42090}"
EndProject
Project("{2150E333-8FDC-42A3-9474-1A3956D46DE8}") = "samples", "samples", "{5E33EE0C-BF45-4CC7-A1A0-2C70CACBD2D0}"
EndProject
Project("{FAE04EC0-301F-11D3-BF4B-00C04F79EFBC}") = "ChallengeRequireExample", "samples\ChallengeRequireExample\ChallengeRequireExample.csproj", "{B7B5F041-E5C4-4E80-9D54-48C70FF6215B}"
EndProject
Project("{FAE04EC0-301F-11D3-BF4B-00C04F79EFBC}") = "Examples", "samples\Examples\Examples.csproj", "{ACEC2BFB-274A-4250-B82C-96812C22A132}"
EndProject
Project("{FAE04EC0-301F-11D3-BF4B-00C04F79EFBC}") = "FacebookLoginExample", "samples\FacebookLoginExample\FacebookLoginExample.csproj", "{C36AD852-38F8-4158-9B65-2003893A509B}"
EndProject
Project("{FAE04EC0-301F-11D3-BF4B-00C04F79EFBC}") = "TwoFactorSample", "samples\TwoFactorSample\TwoFactorSample.csproj", "{E2837FD6-FDB6-4859-BE7E-DFD1BF5C29D8}"
EndProject
Project("{FAE04EC0-301F-11D3-BF4B-00C04F79EFBC}") = "UwpExample", "samples\UwpExample\UwpExample.csproj", "{A329F906-1331-44DE-909C-CAFFCA175E47}"
EndProject
Project("{F184B08F-C81C-45F6-A57F-5ABD9991F28F}") = "VBExample", "samples\VBExample\VBExample.vbproj", "{F0952933-7D0B-48E8-BAF2-DADEF3D191D7}"
EndProject
Project("{FAE04EC0-301F-11D3-BF4B-00C04F79EFBC}") = "IGTVUploadExample", "samples\IGTVUploadExample\IGTVUploadExample.csproj", "{80D4D0D6-8435-43DB-9A2C-67B6ECD74644}"
EndProject
Project("{FAE04EC0-301F-11D3-BF4B-00C04F79EFBC}") = "MultipleAccountExample", "samples\MultipleAccountExample\MultipleAccountExample.csproj", "{5CCA3C05-977E-4273-AAE8-5161C327AF6A}"
EndProject
Project("{FAE04EC0-301F-11D3-BF4B-00C04F79EFBC}") = "NotificationsExample", "samples\NotificationsExample\NotificationsExample.csproj", "{2849A684-4A37-42B2-AFD9-08DBA5DF7B27}"
EndProject
Project("{9A19103F-16F7-4668-BE54-9A1E7A4F7556}") = "InstagramApiSharp.NET5.WithNotification", "src\InstagramApiSharp\InstagramApiSharp.NET5.WithNotification.csproj", "{05B20245-6ACE-4457-B5C5-0FA43E7F5F47}"
EndProject
Project("{9A19103F-16F7-4668-BE54-9A1E7A4F7556}") = "Thrift.NET5", "src\Thrift\Thrift.NET5.csproj", "{73838F5B-E3C9-4066-9BDA-4C1C7A5E248C}"
EndProject
Project("{9A19103F-16F7-4668-BE54-9A1E7A4F7556}") = "NET5Example", "samples\NET5Example\NET5Example.csproj", "{63E5622F-F4BB-49D9-B7AA-BC973B5AF5A9}"
EndProject
Project("{FAE04EC0-301F-11D3-BF4B-00C04F79EFBC}") = "NET5NotificationsExample", "samples\NET5NotificationsExample\NET5NotificationsExample.csproj", "{3374EC04-CA2F-4AA6-854F-8B358AEAAC79}"
EndProject
Global
	GlobalSection(SolutionConfigurationPlatforms) = preSolution
		Debug|Any CPU = Debug|Any CPU
		Debug|ARM = Debug|ARM
		Debug|x64 = Debug|x64
		Debug|x86 = Debug|x86
		Release|Any CPU = Release|Any CPU
		Release|ARM = Release|ARM
		Release|x64 = Release|x64
		Release|x86 = Release|x86
	EndGlobalSection
	GlobalSection(ProjectConfigurationPlatforms) = postSolution
		{B7B5F041-E5C4-4E80-9D54-48C70FF6215B}.Debug|Any CPU.ActiveCfg = Debug|Any CPU
		{B7B5F041-E5C4-4E80-9D54-48C70FF6215B}.Debug|Any CPU.Build.0 = Debug|Any CPU
		{B7B5F041-E5C4-4E80-9D54-48C70FF6215B}.Debug|ARM.ActiveCfg = Debug|Any CPU
		{B7B5F041-E5C4-4E80-9D54-48C70FF6215B}.Debug|ARM.Build.0 = Debug|Any CPU
		{B7B5F041-E5C4-4E80-9D54-48C70FF6215B}.Debug|x64.ActiveCfg = Debug|Any CPU
		{B7B5F041-E5C4-4E80-9D54-48C70FF6215B}.Debug|x64.Build.0 = Debug|Any CPU
		{B7B5F041-E5C4-4E80-9D54-48C70FF6215B}.Debug|x86.ActiveCfg = Debug|Any CPU
		{B7B5F041-E5C4-4E80-9D54-48C70FF6215B}.Debug|x86.Build.0 = Debug|Any CPU
		{B7B5F041-E5C4-4E80-9D54-48C70FF6215B}.Release|Any CPU.ActiveCfg = Release|Any CPU
		{B7B5F041-E5C4-4E80-9D54-48C70FF6215B}.Release|Any CPU.Build.0 = Release|Any CPU
		{B7B5F041-E5C4-4E80-9D54-48C70FF6215B}.Release|ARM.ActiveCfg = Release|Any CPU
		{B7B5F041-E5C4-4E80-9D54-48C70FF6215B}.Release|ARM.Build.0 = Release|Any CPU
		{B7B5F041-E5C4-4E80-9D54-48C70FF6215B}.Release|x64.ActiveCfg = Release|Any CPU
		{B7B5F041-E5C4-4E80-9D54-48C70FF6215B}.Release|x64.Build.0 = Release|Any CPU
		{B7B5F041-E5C4-4E80-9D54-48C70FF6215B}.Release|x86.ActiveCfg = Release|Any CPU
		{B7B5F041-E5C4-4E80-9D54-48C70FF6215B}.Release|x86.Build.0 = Release|Any CPU
		{ACEC2BFB-274A-4250-B82C-96812C22A132}.Debug|Any CPU.ActiveCfg = Debug|Any CPU
		{ACEC2BFB-274A-4250-B82C-96812C22A132}.Debug|ARM.ActiveCfg = Debug|Any CPU
		{ACEC2BFB-274A-4250-B82C-96812C22A132}.Debug|ARM.Build.0 = Debug|Any CPU
		{ACEC2BFB-274A-4250-B82C-96812C22A132}.Debug|x64.ActiveCfg = Debug|Any CPU
		{ACEC2BFB-274A-4250-B82C-96812C22A132}.Debug|x64.Build.0 = Debug|Any CPU
		{ACEC2BFB-274A-4250-B82C-96812C22A132}.Debug|x86.ActiveCfg = Debug|Any CPU
		{ACEC2BFB-274A-4250-B82C-96812C22A132}.Debug|x86.Build.0 = Debug|Any CPU
		{ACEC2BFB-274A-4250-B82C-96812C22A132}.Release|Any CPU.ActiveCfg = Release|Any CPU
		{ACEC2BFB-274A-4250-B82C-96812C22A132}.Release|Any CPU.Build.0 = Release|Any CPU
		{ACEC2BFB-274A-4250-B82C-96812C22A132}.Release|ARM.ActiveCfg = Release|Any CPU
		{ACEC2BFB-274A-4250-B82C-96812C22A132}.Release|ARM.Build.0 = Release|Any CPU
		{ACEC2BFB-274A-4250-B82C-96812C22A132}.Release|x64.ActiveCfg = Release|Any CPU
		{ACEC2BFB-274A-4250-B82C-96812C22A132}.Release|x64.Build.0 = Release|Any CPU
		{ACEC2BFB-274A-4250-B82C-96812C22A132}.Release|x86.ActiveCfg = Release|Any CPU
		{ACEC2BFB-274A-4250-B82C-96812C22A132}.Release|x86.Build.0 = Release|Any CPU
		{C36AD852-38F8-4158-9B65-2003893A509B}.Debug|Any CPU.ActiveCfg = Debug|Any CPU
		{C36AD852-38F8-4158-9B65-2003893A509B}.Debug|ARM.ActiveCfg = Debug|Any CPU
		{C36AD852-38F8-4158-9B65-2003893A509B}.Debug|ARM.Build.0 = Debug|Any CPU
		{C36AD852-38F8-4158-9B65-2003893A509B}.Debug|x64.ActiveCfg = Debug|Any CPU
		{C36AD852-38F8-4158-9B65-2003893A509B}.Debug|x64.Build.0 = Debug|Any CPU
		{C36AD852-38F8-4158-9B65-2003893A509B}.Debug|x86.ActiveCfg = Debug|Any CPU
		{C36AD852-38F8-4158-9B65-2003893A509B}.Debug|x86.Build.0 = Debug|Any CPU
		{C36AD852-38F8-4158-9B65-2003893A509B}.Release|Any CPU.ActiveCfg = Release|Any CPU
		{C36AD852-38F8-4158-9B65-2003893A509B}.Release|Any CPU.Build.0 = Release|Any CPU
		{C36AD852-38F8-4158-9B65-2003893A509B}.Release|ARM.ActiveCfg = Release|Any CPU
		{C36AD852-38F8-4158-9B65-2003893A509B}.Release|ARM.Build.0 = Release|Any CPU
		{C36AD852-38F8-4158-9B65-2003893A509B}.Release|x64.ActiveCfg = Release|Any CPU
		{C36AD852-38F8-4158-9B65-2003893A509B}.Release|x64.Build.0 = Release|Any CPU
		{C36AD852-38F8-4158-9B65-2003893A509B}.Release|x86.ActiveCfg = Release|Any CPU
		{C36AD852-38F8-4158-9B65-2003893A509B}.Release|x86.Build.0 = Release|Any CPU
		{E2837FD6-FDB6-4859-BE7E-DFD1BF5C29D8}.Debug|Any CPU.ActiveCfg = Debug|Any CPU
		{E2837FD6-FDB6-4859-BE7E-DFD1BF5C29D8}.Debug|ARM.ActiveCfg = Debug|Any CPU
		{E2837FD6-FDB6-4859-BE7E-DFD1BF5C29D8}.Debug|ARM.Build.0 = Debug|Any CPU
		{E2837FD6-FDB6-4859-BE7E-DFD1BF5C29D8}.Debug|x64.ActiveCfg = Debug|Any CPU
		{E2837FD6-FDB6-4859-BE7E-DFD1BF5C29D8}.Debug|x64.Build.0 = Debug|Any CPU
		{E2837FD6-FDB6-4859-BE7E-DFD1BF5C29D8}.Debug|x86.ActiveCfg = Debug|Any CPU
		{E2837FD6-FDB6-4859-BE7E-DFD1BF5C29D8}.Debug|x86.Build.0 = Debug|Any CPU
		{E2837FD6-FDB6-4859-BE7E-DFD1BF5C29D8}.Release|Any CPU.ActiveCfg = Release|Any CPU
		{E2837FD6-FDB6-4859-BE7E-DFD1BF5C29D8}.Release|Any CPU.Build.0 = Release|Any CPU
		{E2837FD6-FDB6-4859-BE7E-DFD1BF5C29D8}.Release|ARM.ActiveCfg = Release|Any CPU
		{E2837FD6-FDB6-4859-BE7E-DFD1BF5C29D8}.Release|ARM.Build.0 = Release|Any CPU
		{E2837FD6-FDB6-4859-BE7E-DFD1BF5C29D8}.Release|x64.ActiveCfg = Release|Any CPU
		{E2837FD6-FDB6-4859-BE7E-DFD1BF5C29D8}.Release|x64.Build.0 = Release|Any CPU
		{E2837FD6-FDB6-4859-BE7E-DFD1BF5C29D8}.Release|x86.ActiveCfg = Release|Any CPU
		{E2837FD6-FDB6-4859-BE7E-DFD1BF5C29D8}.Release|x86.Build.0 = Release|Any CPU
		{A329F906-1331-44DE-909C-CAFFCA175E47}.Debug|Any CPU.ActiveCfg = Debug|x86
		{A329F906-1331-44DE-909C-CAFFCA175E47}.Debug|ARM.ActiveCfg = Debug|ARM
		{A329F906-1331-44DE-909C-CAFFCA175E47}.Debug|ARM.Build.0 = Debug|ARM
		{A329F906-1331-44DE-909C-CAFFCA175E47}.Debug|ARM.Deploy.0 = Debug|ARM
		{A329F906-1331-44DE-909C-CAFFCA175E47}.Debug|x64.ActiveCfg = Debug|x64
		{A329F906-1331-44DE-909C-CAFFCA175E47}.Debug|x64.Build.0 = Debug|x64
		{A329F906-1331-44DE-909C-CAFFCA175E47}.Debug|x64.Deploy.0 = Debug|x64
		{A329F906-1331-44DE-909C-CAFFCA175E47}.Debug|x86.ActiveCfg = Debug|x86
		{A329F906-1331-44DE-909C-CAFFCA175E47}.Debug|x86.Build.0 = Debug|x86
		{A329F906-1331-44DE-909C-CAFFCA175E47}.Debug|x86.Deploy.0 = Debug|x86
		{A329F906-1331-44DE-909C-CAFFCA175E47}.Release|Any CPU.ActiveCfg = Release|x86
		{A329F906-1331-44DE-909C-CAFFCA175E47}.Release|ARM.ActiveCfg = Release|ARM
		{A329F906-1331-44DE-909C-CAFFCA175E47}.Release|ARM.Build.0 = Release|ARM
		{A329F906-1331-44DE-909C-CAFFCA175E47}.Release|ARM.Deploy.0 = Release|ARM
		{A329F906-1331-44DE-909C-CAFFCA175E47}.Release|x64.ActiveCfg = Release|x64
		{A329F906-1331-44DE-909C-CAFFCA175E47}.Release|x64.Build.0 = Release|x64
		{A329F906-1331-44DE-909C-CAFFCA175E47}.Release|x64.Deploy.0 = Release|x64
		{A329F906-1331-44DE-909C-CAFFCA175E47}.Release|x86.ActiveCfg = Release|x86
		{A329F906-1331-44DE-909C-CAFFCA175E47}.Release|x86.Build.0 = Release|x86
		{A329F906-1331-44DE-909C-CAFFCA175E47}.Release|x86.Deploy.0 = Release|x86
		{F0952933-7D0B-48E8-BAF2-DADEF3D191D7}.Debug|Any CPU.ActiveCfg = Debug|Any CPU
		{F0952933-7D0B-48E8-BAF2-DADEF3D191D7}.Debug|ARM.ActiveCfg = Debug|Any CPU
		{F0952933-7D0B-48E8-BAF2-DADEF3D191D7}.Debug|ARM.Build.0 = Debug|Any CPU
		{F0952933-7D0B-48E8-BAF2-DADEF3D191D7}.Debug|x64.ActiveCfg = Debug|Any CPU
		{F0952933-7D0B-48E8-BAF2-DADEF3D191D7}.Debug|x64.Build.0 = Debug|Any CPU
		{F0952933-7D0B-48E8-BAF2-DADEF3D191D7}.Debug|x86.ActiveCfg = Debug|Any CPU
		{F0952933-7D0B-48E8-BAF2-DADEF3D191D7}.Debug|x86.Build.0 = Debug|Any CPU
		{F0952933-7D0B-48E8-BAF2-DADEF3D191D7}.Release|Any CPU.ActiveCfg = Release|Any CPU
		{F0952933-7D0B-48E8-BAF2-DADEF3D191D7}.Release|Any CPU.Build.0 = Release|Any CPU
		{F0952933-7D0B-48E8-BAF2-DADEF3D191D7}.Release|ARM.ActiveCfg = Release|Any CPU
		{F0952933-7D0B-48E8-BAF2-DADEF3D191D7}.Release|ARM.Build.0 = Release|Any CPU
		{F0952933-7D0B-48E8-BAF2-DADEF3D191D7}.Release|x64.ActiveCfg = Release|Any CPU
		{F0952933-7D0B-48E8-BAF2-DADEF3D191D7}.Release|x64.Build.0 = Release|Any CPU
		{F0952933-7D0B-48E8-BAF2-DADEF3D191D7}.Release|x86.ActiveCfg = Release|Any CPU
		{F0952933-7D0B-48E8-BAF2-DADEF3D191D7}.Release|x86.Build.0 = Release|Any CPU
		{80D4D0D6-8435-43DB-9A2C-67B6ECD74644}.Debug|Any CPU.ActiveCfg = Debug|Any CPU
		{80D4D0D6-8435-43DB-9A2C-67B6ECD74644}.Debug|ARM.ActiveCfg = Debug|Any CPU
		{80D4D0D6-8435-43DB-9A2C-67B6ECD74644}.Debug|ARM.Build.0 = Debug|Any CPU
		{80D4D0D6-8435-43DB-9A2C-67B6ECD74644}.Debug|x64.ActiveCfg = Debug|Any CPU
		{80D4D0D6-8435-43DB-9A2C-67B6ECD74644}.Debug|x64.Build.0 = Debug|Any CPU
		{80D4D0D6-8435-43DB-9A2C-67B6ECD74644}.Debug|x86.ActiveCfg = Debug|Any CPU
		{80D4D0D6-8435-43DB-9A2C-67B6ECD74644}.Debug|x86.Build.0 = Debug|Any CPU
		{80D4D0D6-8435-43DB-9A2C-67B6ECD74644}.Release|Any CPU.ActiveCfg = Release|Any CPU
		{80D4D0D6-8435-43DB-9A2C-67B6ECD74644}.Release|Any CPU.Build.0 = Release|Any CPU
		{80D4D0D6-8435-43DB-9A2C-67B6ECD74644}.Release|ARM.ActiveCfg = Release|Any CPU
		{80D4D0D6-8435-43DB-9A2C-67B6ECD74644}.Release|ARM.Build.0 = Release|Any CPU
		{80D4D0D6-8435-43DB-9A2C-67B6ECD74644}.Release|x64.ActiveCfg = Release|Any CPU
		{80D4D0D6-8435-43DB-9A2C-67B6ECD74644}.Release|x64.Build.0 = Release|Any CPU
		{80D4D0D6-8435-43DB-9A2C-67B6ECD74644}.Release|x86.ActiveCfg = Release|Any CPU
		{80D4D0D6-8435-43DB-9A2C-67B6ECD74644}.Release|x86.Build.0 = Release|Any CPU
		{5CCA3C05-977E-4273-AAE8-5161C327AF6A}.Debug|Any CPU.ActiveCfg = Debug|Any CPU
		{5CCA3C05-977E-4273-AAE8-5161C327AF6A}.Debug|Any CPU.Build.0 = Debug|Any CPU
		{5CCA3C05-977E-4273-AAE8-5161C327AF6A}.Debug|ARM.ActiveCfg = Debug|Any CPU
		{5CCA3C05-977E-4273-AAE8-5161C327AF6A}.Debug|ARM.Build.0 = Debug|Any CPU
		{5CCA3C05-977E-4273-AAE8-5161C327AF6A}.Debug|x64.ActiveCfg = Debug|Any CPU
		{5CCA3C05-977E-4273-AAE8-5161C327AF6A}.Debug|x64.Build.0 = Debug|Any CPU
		{5CCA3C05-977E-4273-AAE8-5161C327AF6A}.Debug|x86.ActiveCfg = Debug|Any CPU
		{5CCA3C05-977E-4273-AAE8-5161C327AF6A}.Debug|x86.Build.0 = Debug|Any CPU
		{5CCA3C05-977E-4273-AAE8-5161C327AF6A}.Release|Any CPU.ActiveCfg = Release|Any CPU
		{5CCA3C05-977E-4273-AAE8-5161C327AF6A}.Release|Any CPU.Build.0 = Release|Any CPU
		{5CCA3C05-977E-4273-AAE8-5161C327AF6A}.Release|ARM.ActiveCfg = Release|Any CPU
		{5CCA3C05-977E-4273-AAE8-5161C327AF6A}.Release|ARM.Build.0 = Release|Any CPU
		{5CCA3C05-977E-4273-AAE8-5161C327AF6A}.Release|x64.ActiveCfg = Release|Any CPU
		{5CCA3C05-977E-4273-AAE8-5161C327AF6A}.Release|x64.Build.0 = Release|Any CPU
		{5CCA3C05-977E-4273-AAE8-5161C327AF6A}.Release|x86.ActiveCfg = Release|Any CPU
		{5CCA3C05-977E-4273-AAE8-5161C327AF6A}.Release|x86.Build.0 = Release|Any CPU
		{2849A684-4A37-42B2-AFD9-08DBA5DF7B27}.Debug|Any CPU.ActiveCfg = Debug|Any CPU
		{2849A684-4A37-42B2-AFD9-08DBA5DF7B27}.Debug|Any CPU.Build.0 = Debug|Any CPU
		{2849A684-4A37-42B2-AFD9-08DBA5DF7B27}.Debug|ARM.ActiveCfg = Debug|Any CPU
		{2849A684-4A37-42B2-AFD9-08DBA5DF7B27}.Debug|ARM.Build.0 = Debug|Any CPU
		{2849A684-4A37-42B2-AFD9-08DBA5DF7B27}.Debug|x64.ActiveCfg = Debug|Any CPU
		{2849A684-4A37-42B2-AFD9-08DBA5DF7B27}.Debug|x64.Build.0 = Debug|Any CPU
		{2849A684-4A37-42B2-AFD9-08DBA5DF7B27}.Debug|x86.ActiveCfg = Debug|Any CPU
		{2849A684-4A37-42B2-AFD9-08DBA5DF7B27}.Debug|x86.Build.0 = Debug|Any CPU
		{2849A684-4A37-42B2-AFD9-08DBA5DF7B27}.Release|Any CPU.ActiveCfg = Release|Any CPU
		{2849A684-4A37-42B2-AFD9-08DBA5DF7B27}.Release|Any CPU.Build.0 = Release|Any CPU
		{2849A684-4A37-42B2-AFD9-08DBA5DF7B27}.Release|ARM.ActiveCfg = Release|Any CPU
		{2849A684-4A37-42B2-AFD9-08DBA5DF7B27}.Release|ARM.Build.0 = Release|Any CPU
		{2849A684-4A37-42B2-AFD9-08DBA5DF7B27}.Release|x64.ActiveCfg = Release|Any CPU
		{2849A684-4A37-42B2-AFD9-08DBA5DF7B27}.Release|x64.Build.0 = Release|Any CPU
		{2849A684-4A37-42B2-AFD9-08DBA5DF7B27}.Release|x86.ActiveCfg = Release|Any CPU
		{2849A684-4A37-42B2-AFD9-08DBA5DF7B27}.Release|x86.Build.0 = Release|Any CPU
		{05B20245-6ACE-4457-B5C5-0FA43E7F5F47}.Debug|Any CPU.ActiveCfg = Debug|Any CPU
		{05B20245-6ACE-4457-B5C5-0FA43E7F5F47}.Debug|Any CPU.Build.0 = Debug|Any CPU
		{05B20245-6ACE-4457-B5C5-0FA43E7F5F47}.Debug|ARM.ActiveCfg = Debug|Any CPU
		{05B20245-6ACE-4457-B5C5-0FA43E7F5F47}.Debug|ARM.Build.0 = Debug|Any CPU
		{05B20245-6ACE-4457-B5C5-0FA43E7F5F47}.Debug|x64.ActiveCfg = Debug|Any CPU
		{05B20245-6ACE-4457-B5C5-0FA43E7F5F47}.Debug|x64.Build.0 = Debug|Any CPU
		{05B20245-6ACE-4457-B5C5-0FA43E7F5F47}.Debug|x86.ActiveCfg = Debug|Any CPU
		{05B20245-6ACE-4457-B5C5-0FA43E7F5F47}.Debug|x86.Build.0 = Debug|Any CPU
		{05B20245-6ACE-4457-B5C5-0FA43E7F5F47}.Release|Any CPU.ActiveCfg = Release|Any CPU
		{05B20245-6ACE-4457-B5C5-0FA43E7F5F47}.Release|Any CPU.Build.0 = Release|Any CPU
		{05B20245-6ACE-4457-B5C5-0FA43E7F5F47}.Release|ARM.ActiveCfg = Release|Any CPU
		{05B20245-6ACE-4457-B5C5-0FA43E7F5F47}.Release|ARM.Build.0 = Release|Any CPU
		{05B20245-6ACE-4457-B5C5-0FA43E7F5F47}.Release|x64.ActiveCfg = Release|Any CPU
		{05B20245-6ACE-4457-B5C5-0FA43E7F5F47}.Release|x64.Build.0 = Release|Any CPU
		{05B20245-6ACE-4457-B5C5-0FA43E7F5F47}.Release|x86.ActiveCfg = Release|Any CPU
		{05B20245-6ACE-4457-B5C5-0FA43E7F5F47}.Release|x86.Build.0 = Release|Any CPU
		{73838F5B-E3C9-4066-9BDA-4C1C7A5E248C}.Debug|Any CPU.ActiveCfg = Debug|Any CPU
		{73838F5B-E3C9-4066-9BDA-4C1C7A5E248C}.Debug|Any CPU.Build.0 = Debug|Any CPU
		{73838F5B-E3C9-4066-9BDA-4C1C7A5E248C}.Debug|ARM.ActiveCfg = Debug|Any CPU
		{73838F5B-E3C9-4066-9BDA-4C1C7A5E248C}.Debug|ARM.Build.0 = Debug|Any CPU
		{73838F5B-E3C9-4066-9BDA-4C1C7A5E248C}.Debug|x64.ActiveCfg = Debug|Any CPU
		{73838F5B-E3C9-4066-9BDA-4C1C7A5E248C}.Debug|x64.Build.0 = Debug|Any CPU
		{73838F5B-E3C9-4066-9BDA-4C1C7A5E248C}.Debug|x86.ActiveCfg = Debug|Any CPU
		{73838F5B-E3C9-4066-9BDA-4C1C7A5E248C}.Debug|x86.Build.0 = Debug|Any CPU
		{73838F5B-E3C9-4066-9BDA-4C1C7A5E248C}.Release|Any CPU.ActiveCfg = Release|Any CPU
		{73838F5B-E3C9-4066-9BDA-4C1C7A5E248C}.Release|Any CPU.Build.0 = Release|Any CPU
		{73838F5B-E3C9-4066-9BDA-4C1C7A5E248C}.Release|ARM.ActiveCfg = Release|Any CPU
		{73838F5B-E3C9-4066-9BDA-4C1C7A5E248C}.Release|ARM.Build.0 = Release|Any CPU
		{73838F5B-E3C9-4066-9BDA-4C1C7A5E248C}.Release|x64.ActiveCfg = Release|Any CPU
		{73838F5B-E3C9-4066-9BDA-4C1C7A5E248C}.Release|x64.Build.0 = Release|Any CPU
		{73838F5B-E3C9-4066-9BDA-4C1C7A5E248C}.Release|x86.ActiveCfg = Release|Any CPU
		{73838F5B-E3C9-4066-9BDA-4C1C7A5E248C}.Release|x86.Build.0 = Release|Any CPU
		{63E5622F-F4BB-49D9-B7AA-BC973B5AF5A9}.Debug|Any CPU.ActiveCfg = Debug|Any CPU
		{63E5622F-F4BB-49D9-B7AA-BC973B5AF5A9}.Debug|Any CPU.Build.0 = Debug|Any CPU
		{63E5622F-F4BB-49D9-B7AA-BC973B5AF5A9}.Debug|ARM.ActiveCfg = Debug|Any CPU
		{63E5622F-F4BB-49D9-B7AA-BC973B5AF5A9}.Debug|ARM.Build.0 = Debug|Any CPU
		{63E5622F-F4BB-49D9-B7AA-BC973B5AF5A9}.Debug|x64.ActiveCfg = Debug|Any CPU
		{63E5622F-F4BB-49D9-B7AA-BC973B5AF5A9}.Debug|x64.Build.0 = Debug|Any CPU
		{63E5622F-F4BB-49D9-B7AA-BC973B5AF5A9}.Debug|x86.ActiveCfg = Debug|Any CPU
		{63E5622F-F4BB-49D9-B7AA-BC973B5AF5A9}.Debug|x86.Build.0 = Debug|Any CPU
		{63E5622F-F4BB-49D9-B7AA-BC973B5AF5A9}.Release|Any CPU.ActiveCfg = Release|Any CPU
		{63E5622F-F4BB-49D9-B7AA-BC973B5AF5A9}.Release|Any CPU.Build.0 = Release|Any CPU
		{63E5622F-F4BB-49D9-B7AA-BC973B5AF5A9}.Release|ARM.ActiveCfg = Release|Any CPU
		{63E5622F-F4BB-49D9-B7AA-BC973B5AF5A9}.Release|ARM.Build.0 = Release|Any CPU
		{63E5622F-F4BB-49D9-B7AA-BC973B5AF5A9}.Release|x64.ActiveCfg = Release|Any CPU
		{63E5622F-F4BB-49D9-B7AA-BC973B5AF5A9}.Release|x64.Build.0 = Release|Any CPU
		{63E5622F-F4BB-49D9-B7AA-BC973B5AF5A9}.Release|x86.ActiveCfg = Release|Any CPU
		{63E5622F-F4BB-49D9-B7AA-BC973B5AF5A9}.Release|x86.Build.0 = Release|Any CPU
		{3374EC04-CA2F-4AA6-854F-8B358AEAAC79}.Debug|Any CPU.ActiveCfg = Debug|Any CPU
		{3374EC04-CA2F-4AA6-854F-8B358AEAAC79}.Debug|Any CPU.Build.0 = Debug|Any CPU
		{3374EC04-CA2F-4AA6-854F-8B358AEAAC79}.Debug|ARM.ActiveCfg = Debug|Any CPU
		{3374EC04-CA2F-4AA6-854F-8B358AEAAC79}.Debug|ARM.Build.0 = Debug|Any CPU
		{3374EC04-CA2F-4AA6-854F-8B358AEAAC79}.Debug|x64.ActiveCfg = Debug|Any CPU
		{3374EC04-CA2F-4AA6-854F-8B358AEAAC79}.Debug|x64.Build.0 = Debug|Any CPU
		{3374EC04-CA2F-4AA6-854F-8B358AEAAC79}.Debug|x86.ActiveCfg = Debug|Any CPU
		{3374EC04-CA2F-4AA6-854F-8B358AEAAC79}.Debug|x86.Build.0 = Debug|Any CPU
		{3374EC04-CA2F-4AA6-854F-8B358AEAAC79}.Release|Any CPU.ActiveCfg = Release|Any CPU
		{3374EC04-CA2F-4AA6-854F-8B358AEAAC79}.Release|Any CPU.Build.0 = Release|Any CPU
		{3374EC04-CA2F-4AA6-854F-8B358AEAAC79}.Release|ARM.ActiveCfg = Release|Any CPU
		{3374EC04-CA2F-4AA6-854F-8B358AEAAC79}.Release|ARM.Build.0 = Release|Any CPU
		{3374EC04-CA2F-4AA6-854F-8B358AEAAC79}.Release|x64.ActiveCfg = Release|Any CPU
		{3374EC04-CA2F-4AA6-854F-8B358AEAAC79}.Release|x64.Build.0 = Release|Any CPU
		{3374EC04-CA2F-4AA6-854F-8B358AEAAC79}.Release|x86.ActiveCfg = Release|Any CPU
		{3374EC04-CA2F-4AA6-854F-8B358AEAAC79}.Release|x86.Build.0 = Release|Any CPU
	EndGlobalSection
	GlobalSection(SolutionProperties) = preSolution
		HideSolutionNode = FALSE
	EndGlobalSection
	GlobalSection(NestedProjects) = preSolution
		{B7B5F041-E5C4-4E80-9D54-48C70FF6215B} = {5E33EE0C-BF45-4CC7-A1A0-2C70CACBD2D0}
		{ACEC2BFB-274A-4250-B82C-96812C22A132} = {5E33EE0C-BF45-4CC7-A1A0-2C70CACBD2D0}
		{C36AD852-38F8-4158-9B65-2003893A509B} = {5E33EE0C-BF45-4CC7-A1A0-2C70CACBD2D0}
		{E2837FD6-FDB6-4859-BE7E-DFD1BF5C29D8} = {5E33EE0C-BF45-4CC7-A1A0-2C70CACBD2D0}
		{A329F906-1331-44DE-909C-CAFFCA175E47} = {5E33EE0C-BF45-4CC7-A1A0-2C70CACBD2D0}
		{F0952933-7D0B-48E8-BAF2-DADEF3D191D7} = {5E33EE0C-BF45-4CC7-A1A0-2C70CACBD2D0}
		{80D4D0D6-8435-43DB-9A2C-67B6ECD74644} = {5E33EE0C-BF45-4CC7-A1A0-2C70CACBD2D0}
		{5CCA3C05-977E-4273-AAE8-5161C327AF6A} = {5E33EE0C-BF45-4CC7-A1A0-2C70CACBD2D0}
		{2849A684-4A37-42B2-AFD9-08DBA5DF7B27} = {5E33EE0C-BF45-4CC7-A1A0-2C70CACBD2D0}
		{05B20245-6ACE-4457-B5C5-0FA43E7F5F47} = {25DEBDED-4F9C-47F5-BC3F-4D5ED7D42090}
		{73838F5B-E3C9-4066-9BDA-4C1C7A5E248C} = {25DEBDED-4F9C-47F5-BC3F-4D5ED7D42090}
		{63E5622F-F4BB-49D9-B7AA-BC973B5AF5A9} = {5E33EE0C-BF45-4CC7-A1A0-2C70CACBD2D0}
		{3374EC04-CA2F-4AA6-854F-8B358AEAAC79} = {5E33EE0C-BF45-4CC7-A1A0-2C70CACBD2D0}
	EndGlobalSection
	GlobalSection(ExtensibilityGlobals) = postSolution
		SolutionGuid = {47999AC0-6BDC-43EB-BB19-674E8470ECDD}
	EndGlobalSection
EndGlobal
